
Microsoft Visual Studio Solution File, Format Version 12.00
# Visual Studio Version 16
VisualStudioVersion = 16.0.33214.272
MinimumVisualStudioVersion = 10.0.40219.1
Project("{FAE04EC0-301F-11D3-BF4B-00C04F79EFBC}") = "CRUD_Test", "CRUD_Test.csproj", "{D9942BD1-732B-4E59-B4FA-A8DB8D645AC4}"
EndProject
Global
	GlobalSection(SolutionConfigurationPlatforms) = preSolution
		Debug|Any CPU = Debug|Any CPU
		Release|Any CPU = Release|Any CPU
	EndGlobalSection
	GlobalSection(ProjectConfigurationPlatforms) = postSolution
		{D9942BD1-732B-4E59-B4FA-A8DB8D645AC4}.Debug|Any CPU.ActiveCfg = Debug|Any CPU
		{D9942BD1-732B-4E59-B4FA-A8DB8D645AC4}.Debug|Any CPU.Build.0 = Debug|Any CPU
		{D9942BD1-732B-4E59-B4FA-A8DB8D645AC4}.Release|Any CPU.ActiveCfg = Release|Any CPU
		{D9942BD1-732B-4E59-B4FA-A8DB8D645AC4}.Release|Any CPU.Build.0 = Release|Any CPU
	EndGlobalSection
	GlobalSection(SolutionProperties) = preSolution
		HideSolutionNode = FALSE
	EndGlobalSection
	GlobalSection(ExtensibilityGlobals) = postSolution
		SolutionGuid = {380D8723-8F00-4D0F-9351-F189A619FB25}
	EndGlobalSection
EndGlobal
